// !$*UTF8*$!
{
	archiveVersion = 1;
	classes = {
	};
	objectVersion = 46;
	objects = {

/* Begin PBXBuildFile section */
		E9865C521D93D40C00346A0B /* HJGCareerView.m in Sources */ = {isa = PBXBuildFile; fileRef = E9865C511D93D40C00346A0B /* HJGCareerView.m */; };
		E9865C581D93D90600346A0B /* HJGVideoCollectionView.m in Sources */ = {isa = PBXBuildFile; fileRef = E9865C571D93D90600346A0B /* HJGVideoCollectionView.m */; };
		E9865C611D93ED8200346A0B /* HJGClassView.m in Sources */ = {isa = PBXBuildFile; fileRef = E9865C601D93ED8200346A0B /* HJGClassView.m */; };
		E9C6E9A91D93703C00FD969F /* main.m in Sources */ = {isa = PBXBuildFile; fileRef = E9C6E9A81D93703C00FD969F /* main.m */; };
		E9C6E9AC1D93703C00FD969F /* AppDelegate.m in Sources */ = {isa = PBXBuildFile; fileRef = E9C6E9AB1D93703C00FD969F /* AppDelegate.m */; };
		E9C6E9AF1D93703C00FD969F /* ViewController.m in Sources */ = {isa = PBXBuildFile; fileRef = E9C6E9AE1D93703C00FD969F /* ViewController.m */; };
		E9C6E9B21D93703C00FD969F /* Main.storyboard in Resources */ = {isa = PBXBuildFile; fileRef = E9C6E9B01D93703C00FD969F /* Main.storyboard */; };
		E9C6E9B41D93703C00FD969F /* Assets.xcassets in Resources */ = {isa = PBXBuildFile; fileRef = E9C6E9B31D93703C00FD969F /* Assets.xcassets */; };
		E9C6E9B71D93703C00FD969F /* LaunchScreen.storyboard in Resources */ = {isa = PBXBuildFile; fileRef = E9C6E9B51D93703C00FD969F /* LaunchScreen.storyboard */; };
		E9C6E9C21D93703D00FD969F /* _demoTests.m in Sources */ = {isa = PBXBuildFile; fileRef = E9C6E9C11D93703D00FD969F /* _demoTests.m */; };
		E9C6E9CD1D93703D00FD969F /* _demoUITests.m in Sources */ = {isa = PBXBuildFile; fileRef = E9C6E9CC1D93703D00FD969F /* _demoUITests.m */; };
		E9C6E9DF1D9371A300FD969F /* backView.m in Sources */ = {isa = PBXBuildFile; fileRef = E9C6E9DE1D9371A300FD969F /* backView.m */; };
		E9C6E9E21D93739A00FD969F /* backHeadView.m in Sources */ = {isa = PBXBuildFile; fileRef = E9C6E9E11D93739A00FD969F /* backHeadView.m */; };
/* End PBXBuildFile section */

/* Begin PBXContainerItemProxy section */
		E9C6E9BE1D93703D00FD969F /* PBXContainerItemProxy */ = {
			isa = PBXContainerItemProxy;
			containerPortal = E9C6E99C1D93703C00FD969F /* Project object */;
			proxyType = 1;
			remoteGlobalIDString = E9C6E9A31D93703C00FD969F;
			remoteInfo = "小demo";
		};
		E9C6E9C91D93703D00FD969F /* PBXContainerItemProxy */ = {
			isa = PBXContainerItemProxy;
			containerPortal = E9C6E99C1D93703C00FD969F /* Project object */;
			proxyType = 1;
			remoteGlobalIDString = E9C6E9A31D93703C00FD969F;
			remoteInfo = "小demo";
		};
/* End PBXContainerItemProxy section */

/* Begin PBXFileReference section */
		E9865C501D93D40C00346A0B /* HJGCareerView.h */ = {isa = PBXFileReference; fileEncoding = 4; lastKnownFileType = sourcecode.c.h; path = HJGCareerView.h; sourceTree = "<group>"; };
		E9865C511D93D40C00346A0B /* HJGCareerView.m */ = {isa = PBXFileReference; fileEncoding = 4; lastKnownFileType = sourcecode.c.objc; path = HJGCareerView.m; sourceTree = "<group>"; };
		E9865C561D93D90600346A0B /* HJGVideoCollectionView.h */ = {isa = PBXFileReference; fileEncoding = 4; lastKnownFileType = sourcecode.c.h; path = HJGVideoCollectionView.h; sourceTree = "<group>"; };
		E9865C571D93D90600346A0B /* HJGVideoCollectionView.m */ = {isa = PBXFileReference; fileEncoding = 4; lastKnownFileType = sourcecode.c.objc; path = HJGVideoCollectionView.m; sourceTree = "<group>"; };
		E9865C5F1D93ED8200346A0B /* HJGClassView.h */ = {isa = PBXFileReference; fileEncoding = 4; lastKnownFileType = sourcecode.c.h; path = HJGClassView.h; sourceTree = "<group>"; };
		E9865C601D93ED8200346A0B /* HJGClassView.m */ = {isa = PBXFileReference; fileEncoding = 4; lastKnownFileType = sourcecode.c.objc; path = HJGClassView.m; sourceTree = "<group>"; };
		E9C6E9A41D93703C00FD969F /* 小demo.app */ = {isa = PBXFileReference; explicitFileType = wrapper.application; includeInIndex = 0; path = "小demo.app"; sourceTree = BUILT_PRODUCTS_DIR; };
		E9C6E9A81D93703C00FD969F /* main.m */ = {isa = PBXFileReference; lastKnownFileType = sourcecode.c.objc; path = main.m; sourceTree = "<group>"; };
		E9C6E9AA1D93703C00FD969F /* AppDelegate.h */ = {isa = PBXFileReference; lastKnownFileType = sourcecode.c.h; path = AppDelegate.h; sourceTree = "<group>"; };
		E9C6E9AB1D93703C00FD969F /* AppDelegate.m */ = {isa = PBXFileReference; lastKnownFileType = sourcecode.c.objc; path = AppDelegate.m; sourceTree = "<group>"; };
		E9C6E9AD1D93703C00FD969F /* ViewController.h */ = {isa = PBXFileReference; lastKnownFileType = sourcecode.c.h; path = ViewController.h; sourceTree = "<group>"; };
		E9C6E9AE1D93703C00FD969F /* ViewController.m */ = {isa = PBXFileReference; lastKnownFileType = sourcecode.c.objc; path = ViewController.m; sourceTree = "<group>"; };
		E9C6E9B11D93703C00FD969F /* Base */ = {isa = PBXFileReference; lastKnownFileType = file.storyboard; name = Base; path = Base.lproj/Main.storyboard; sourceTree = "<group>"; };
		E9C6E9B31D93703C00FD969F /* Assets.xcassets */ = {isa = PBXFileReference; lastKnownFileType = folder.assetcatalog; path = Assets.xcassets; sourceTree = "<group>"; };
		E9C6E9B61D93703C00FD969F /* Base */ = {isa = PBXFileReference; lastKnownFileType = file.storyboard; name = Base; path = Base.lproj/LaunchScreen.storyboard; sourceTree = "<group>"; };
		E9C6E9B81D93703C00FD969F /* Info.plist */ = {isa = PBXFileReference; lastKnownFileType = text.plist.xml; path = Info.plist; sourceTree = "<group>"; };
		E9C6E9BD1D93703D00FD969F /* 小demoTests.xctest */ = {isa = PBXFileReference; explicitFileType = wrapper.cfbundle; includeInIndex = 0; path = "小demoTests.xctest"; sourceTree = BUILT_PRODUCTS_DIR; };
		E9C6E9C11D93703D00FD969F /* _demoTests.m */ = {isa = PBXFileReference; lastKnownFileType = sourcecode.c.objc; path = _demoTests.m; sourceTree = "<group>"; };
		E9C6E9C31D93703D00FD969F /* Info.plist */ = {isa = PBXFileReference; lastKnownFileType = text.plist.xml; path = Info.plist; sourceTree = "<group>"; };
		E9C6E9C81D93703D00FD969F /* 小demoUITests.xctest */ = {isa = PBXFileReference; explicitFileType = wrapper.cfbundle; includeInIndex = 0; path = "小demoUITests.xctest"; sourceTree = BUILT_PRODUCTS_DIR; };
		E9C6E9CC1D93703D00FD969F /* _demoUITests.m */ = {isa = PBXFileReference; lastKnownFileType = sourcecode.c.objc; path = _demoUITests.m; sourceTree = "<group>"; };
		E9C6E9CE1D93703D00FD969F /* Info.plist */ = {isa = PBXFileReference; lastKnownFileType = text.plist.xml; path = Info.plist; sourceTree = "<group>"; };
		E9C6E9DD1D9371A300FD969F /* backView.h */ = {isa = PBXFileReference; fileEncoding = 4; lastKnownFileType = sourcecode.c.h; path = backView.h; sourceTree = "<group>"; };
		E9C6E9DE1D9371A300FD969F /* backView.m */ = {isa = PBXFileReference; fileEncoding = 4; lastKnownFileType = sourcecode.c.objc; path = backView.m; sourceTree = "<group>"; usesTabs = 0; };
		E9C6E9E01D93739A00FD969F /* backHeadView.h */ = {isa = PBXFileReference; fileEncoding = 4; lastKnownFileType = sourcecode.c.h; path = backHeadView.h; sourceTree = "<group>"; };
		E9C6E9E11D93739A00FD969F /* backHeadView.m */ = {isa = PBXFileReference; fileEncoding = 4; lastKnownFileType = sourcecode.c.objc; path = backHeadView.m; sourceTree = "<group>"; };
/* End PBXFileReference section */

/* Begin PBXFrameworksBuildPhase section */
		E9C6E9A11D93703C00FD969F /* Frameworks */ = {
			isa = PBXFrameworksBuildPhase;
			buildActionMask = 2147483647;
			files = (
			);
			runOnlyForDeploymentPostprocessing = 0;
		};
		E9C6E9BA1D93703D00FD969F /* Frameworks */ = {
			isa = PBXFrameworksBuildPhase;
			buildActionMask = 2147483647;
			files = (
			);
			runOnlyForDeploymentPostprocessing = 0;
		};
		E9C6E9C51D93703D00FD969F /* Frameworks */ = {
			isa = PBXFrameworksBuildPhase;
			buildActionMask = 2147483647;
			files = (
			);
			runOnlyForDeploymentPostprocessing = 0;
		};
/* End PBXFrameworksBuildPhase section */

/* Begin PBXGroup section */
		E9C6E99B1D93703C00FD969F = {
			isa = PBXGroup;
			children = (
				E9C6E9A61D93703C00FD969F /* 小demo */,
				E9C6E9C01D93703D00FD969F /* 小demoTests */,
				E9C6E9CB1D93703D00FD969F /* 小demoUITests */,
				E9C6E9A51D93703C00FD969F /* Products */,
			);
			sourceTree = "<group>";
		};
		E9C6E9A51D93703C00FD969F /* Products */ = {
			isa = PBXGroup;
			children = (
				E9C6E9A41D93703C00FD969F /* 小demo.app */,
				E9C6E9BD1D93703D00FD969F /* 小demoTests.xctest */,
				E9C6E9C81D93703D00FD969F /* 小demoUITests.xctest */,
			);
			name = Products;
			sourceTree = "<group>";
		};
		E9C6E9A61D93703C00FD969F /* 小demo */ = {
			isa = PBXGroup;
			children = (
				E9C6E9DC1D93709700FD969F /* view */,
				E9C6E9DB1D93708F00FD969F /* model */,
				E9C6E9DA1D93707700FD969F /* controller */,
				E9C6E9AA1D93703C00FD969F /* AppDelegate.h */,
				E9C6E9AB1D93703C00FD969F /* AppDelegate.m */,
				E9C6E9B01D93703C00FD969F /* Main.storyboard */,
				E9C6E9B31D93703C00FD969F /* Assets.xcassets */,
				E9C6E9B51D93703C00FD969F /* LaunchScreen.storyboard */,
				E9C6E9B81D93703C00FD969F /* Info.plist */,
				E9C6E9A71D93703C00FD969F /* Supporting Files */,
			);
			path = "小demo";
			sourceTree = "<group>";
		};
		E9C6E9A71D93703C00FD969F /* Supporting Files */ = {
			isa = PBXGroup;
			children = (
				E9C6E9A81D93703C00FD969F /* main.m */,
			);
			name = "Supporting Files";
			sourceTree = "<group>";
		};
		E9C6E9C01D93703D00FD969F /* 小demoTests */ = {
			isa = PBXGroup;
			children = (
				E9C6E9C11D93703D00FD969F /* _demoTests.m */,
				E9C6E9C31D93703D00FD969F /* Info.plist */,
			);
			path = "小demoTests";
			sourceTree = "<group>";
		};
		E9C6E9CB1D93703D00FD969F /* 小demoUITests */ = {
			isa = PBXGroup;
			children = (
				E9C6E9CC1D93703D00FD969F /* _demoUITests.m */,
				E9C6E9CE1D93703D00FD969F /* Info.plist */,
			);
			path = "小demoUITests";
			sourceTree = "<group>";
		};
		E9C6E9DA1D93707700FD969F /* controller */ = {
			isa = PBXGroup;
			children = (
				E9C6E9AD1D93703C00FD969F /* ViewController.h */,
				E9C6E9AE1D93703C00FD969F /* ViewController.m */,
			);
			name = controller;
			sourceTree = "<group>";
		};
		E9C6E9DB1D93708F00FD969F /* model */ = {
			isa = PBXGroup;
			children = (
			);
			name = model;
			sourceTree = "<group>";
		};
		E9C6E9DC1D93709700FD969F /* view */ = {
			isa = PBXGroup;
			children = (
				E9C6E9DD1D9371A300FD969F /* backView.h */,
				E9C6E9DE1D9371A300FD969F /* backView.m */,
				E9C6E9E01D93739A00FD969F /* backHeadView.h */,
				E9C6E9E11D93739A00FD969F /* backHeadView.m */,
				E9865C501D93D40C00346A0B /* HJGCareerView.h */,
				E9865C511D93D40C00346A0B /* HJGCareerView.m */,
				E9865C561D93D90600346A0B /* HJGVideoCollectionView.h */,
				E9865C571D93D90600346A0B /* HJGVideoCollectionView.m */,
				E9865C5F1D93ED8200346A0B /* HJGClassView.h */,
				E9865C601D93ED8200346A0B /* HJGClassView.m */,
			);
			name = view;
			sourceTree = "<group>";
		};
/* End PBXGroup section */

/* Begin PBXNativeTarget section */
		E9C6E9A31D93703C00FD969F /* 小demo */ = {
			isa = PBXNativeTarget;
			buildConfigurationList = E9C6E9D11D93703D00FD969F /* Build configuration list for PBXNativeTarget "小demo" */;
			buildPhases = (
				E9C6E9A01D93703C00FD969F /* Sources */,
				E9C6E9A11D93703C00FD969F /* Frameworks */,
				E9C6E9A21D93703C00FD969F /* Resources */,
			);
			buildRules = (
			);
			dependencies = (
			);
			name = "小demo";
			productName = "小demo";
			productReference = E9C6E9A41D93703C00FD969F /* 小demo.app */;
			productType = "com.apple.product-type.application";
		};
		E9C6E9BC1D93703D00FD969F /* 小demoTests */ = {
			isa = PBXNativeTarget;
			buildConfigurationList = E9C6E9D41D93703D00FD969F /* Build configuration list for PBXNativeTarget "小demoTests" */;
			buildPhases = (
				E9C6E9B91D93703D00FD969F /* Sources */,
				E9C6E9BA1D93703D00FD969F /* Frameworks */,
				E9C6E9BB1D93703D00FD969F /* Resources */,
			);
			buildRules = (
			);
			dependencies = (
				E9C6E9BF1D93703D00FD969F /* PBXTargetDependency */,
			);
			name = "小demoTests";
			productName = "小demoTests";
			productReference = E9C6E9BD1D93703D00FD969F /* 小demoTests.xctest */;
			productType = "com.apple.product-type.bundle.unit-test";
		};
		E9C6E9C71D93703D00FD969F /* 小demoUITests */ = {
			isa = PBXNativeTarget;
			buildConfigurationList = E9C6E9D71D93703D00FD969F /* Build configuration list for PBXNativeTarget "小demoUITests" */;
			buildPhases = (
				E9C6E9C41D93703D00FD969F /* Sources */,
				E9C6E9C51D93703D00FD969F /* Frameworks */,
				E9C6E9C61D93703D00FD969F /* Resources */,
			);
			buildRules = (
			);
			dependencies = (
				E9C6E9CA1D93703D00FD969F /* PBXTargetDependency */,
			);
			name = "小demoUITests";
			productName = "小demoUITests";
			productReference = E9C6E9C81D93703D00FD969F /* 小demoUITests.xctest */;
			productType = "com.apple.product-type.bundle.ui-testing";
		};
/* End PBXNativeTarget section */

/* Begin PBXProject section */
		E9C6E99C1D93703C00FD969F /* Project object */ = {
			isa = PBXProject;
			attributes = {
				LastUpgradeCheck = 0730;
				ORGANIZATIONNAME = apple;
				TargetAttributes = {
					E9C6E9A31D93703C00FD969F = {
						CreatedOnToolsVersion = 7.3;
						DevelopmentTeam = 6ZX7M7HW53;
					};
					E9C6E9BC1D93703D00FD969F = {
						CreatedOnToolsVersion = 7.3;
						DevelopmentTeam = 6ZX7M7HW53;
						TestTargetID = E9C6E9A31D93703C00FD969F;
					};
					E9C6E9C71D93703D00FD969F = {
						CreatedOnToolsVersion = 7.3;
						DevelopmentTeam = 6ZX7M7HW53;
						TestTargetID = E9C6E9A31D93703C00FD969F;
					};
				};
			};
			buildConfigurationList = E9C6E99F1D93703C00FD969F /* Build configuration list for PBXProject "小demo" */;
			compatibilityVersion = "Xcode 3.2";
			developmentRegion = English;
			hasScannedForEncodings = 0;
			knownRegions = (
				en,
				Base,
			);
			mainGroup = E9C6E99B1D93703C00FD969F;
			productRefGroup = E9C6E9A51D93703C00FD969F /* Products */;
			projectDirPath = "";
			projectRoot = "";
			targets = (
				E9C6E9A31D93703C00FD969F /* 小demo */,
				E9C6E9BC1D93703D00FD969F /* 小demoTests */,
				E9C6E9C71D93703D00FD969F /* 小demoUITests */,
			);
		};
/* End PBXProject section */

/* Begin PBXResourcesBuildPhase section */
		E9C6E9A21D93703C00FD969F /* Resources */ = {
			isa = PBXResourcesBuildPhase;
			buildActionMask = 2147483647;
			files = (
				E9C6E9B71D93703C00FD969F /* LaunchScreen.storyboard in Resources */,
				E9C6E9B41D93703C00FD969F /* Assets.xcassets in Resources */,
				E9C6E9B21D93703C00FD969F /* Main.storyboard in Resources */,
			);
			runOnlyForDeploymentPostprocessing = 0;
		};
		E9C6E9BB1D93703D00FD969F /* Resources */ = {
			isa = PBXResourcesBuildPhase;
			buildActionMask = 2147483647;
			files = (
			);
			runOnlyForDeploymentPostprocessing = 0;
		};
		E9C6E9C61D93703D00FD969F /* Resources */ = {
			isa = PBXResourcesBuildPhase;
			buildActionMask = 2147483647;
			files = (
			);
			runOnlyForDeploymentPostprocessing = 0;
		};
/* End PBXResourcesBuildPhase section */

/* Begin PBXSourcesBuildPhase section */
		E9C6E9A01D93703C00FD969F /* Sources */ = {
			isa = PBXSourcesBuildPhase;
			buildActionMask = 2147483647;
			files = (
				E9865C581D93D90600346A0B /* HJGVideoCollectionView.m in Sources */,
				E9C6E9AF1D93703C00FD969F /* ViewController.m in Sources */,
				E9C6E9E21D93739A00FD969F /* backHeadView.m in Sources */,
				E9865C611D93ED8200346A0B /* HJGClassView.m in Sources */,
				E9C6E9DF1D9371A300FD969F /* backView.m in Sources */,
				E9C6E9AC1D93703C00FD969F /* AppDelegate.m in Sources */,
				E9865C521D93D40C00346A0B /* HJGCareerView.m in Sources */,
				E9C6E9A91D93703C00FD969F /* main.m in Sources */,
			);
			runOnlyForDeploymentPostprocessing = 0;
		};
		E9C6E9B91D93703D00FD969F /* Sources */ = {
			isa = PBXSourcesBuildPhase;
			buildActionMask = 2147483647;
			files = (
				E9C6E9C21D93703D00FD969F /* _demoTests.m in Sources */,
			);
			runOnlyForDeploymentPostprocessing = 0;
		};
		E9C6E9C41D93703D00FD969F /* Sources */ = {
			isa = PBXSourcesBuildPhase;
			buildActionMask = 2147483647;
			files = (
				E9C6E9CD1D93703D00FD969F /* _demoUITests.m in Sources */,
			);
			runOnlyForDeploymentPostprocessing = 0;
		};
/* End PBXSourcesBuildPhase section */

/* Begin PBXTargetDependency section */
		E9C6E9BF1D93703D00FD969F /* PBXTargetDependency */ = {
			isa = PBXTargetDependency;
			target = E9C6E9A31D93703C00FD969F /* 小demo */;
			targetProxy = E9C6E9BE1D93703D00FD969F /* PBXContainerItemProxy */;
		};
		E9C6E9CA1D93703D00FD969F /* PBXTargetDependency */ = {
			isa = PBXTargetDependency;
			target = E9C6E9A31D93703C00FD969F /* 小demo */;
			targetProxy = E9C6E9C91D93703D00FD969F /* PBXContainerItemProxy */;
		};
/* End PBXTargetDependency section */

/* Begin PBXVariantGroup section */
		E9C6E9B01D93703C00FD969F /* Main.storyboard */ = {
			isa = PBXVariantGroup;
			children = (
				E9C6E9B11D93703C00FD969F /* Base */,
			);
			name = Main.storyboard;
			sourceTree = "<group>";
		};
		E9C6E9B51D93703C00FD969F /* LaunchScreen.storyboard */ = {
			isa = PBXVariantGroup;
			children = (
				E9C6E9B61D93703C00FD969F /* Base */,
			);
			name = LaunchScreen.storyboard;
			sourceTree = "<group>";
		};
/* End PBXVariantGroup section */

/* Begin XCBuildConfiguration section */
		E9C6E9CF1D93703D00FD969F /* Debug */ = {
			isa = XCBuildConfiguration;
			buildSettings = {
				ALWAYS_SEARCH_USER_PATHS = NO;
				CLANG_ANALYZER_NONNULL = YES;
				CLANG_CXX_LANGUAGE_STANDARD = "gnu++0x";
				CLANG_CXX_LIBRARY = "libc++";
				CLANG_ENABLE_MODULES = YES;
				CLANG_ENABLE_OBJC_ARC = YES;
				CLANG_WARN_BOOL_CONVERSION = YES;
				CLANG_WARN_CONSTANT_CONVERSION = YES;
				CLANG_WARN_DIRECT_OBJC_ISA_USAGE = YES_ERROR;
				CLANG_WARN_EMPTY_BODY = YES;
				CLANG_WARN_ENUM_CONVERSION = YES;
				CLANG_WARN_INT_CONVERSION = YES;
				CLANG_WARN_OBJC_ROOT_CLASS = YES_ERROR;
				CLANG_WARN_UNREACHABLE_CODE = YES;
				CLANG_WARN__DUPLICATE_METHOD_MATCH = YES;
				"CODE_SIGN_IDENTITY[sdk=iphoneos*]" = "iPhone Developer";
				COPY_PHASE_STRIP = NO;
				DEBUG_INFORMATION_FORMAT = dwarf;
				ENABLE_STRICT_OBJC_MSGSEND = YES;
				ENABLE_TESTABILITY = YES;
				GCC_C_LANGUAGE_STANDARD = gnu99;
				GCC_DYNAMIC_NO_PIC = NO;
				GCC_NO_COMMON_BLOCKS = YES;
				GCC_OPTIMIZATION_LEVEL = 0;
				GCC_PREPROCESSOR_DEFINITIONS = (
					"DEBUG=1",
					"$(inherited)",
				);
				GCC_WARN_64_TO_32_BIT_CONVERSION = YES;
				GCC_WARN_ABOUT_RETURN_TYPE = YES_ERROR;
				GCC_WARN_UNDECLARED_SELECTOR = YES;
				GCC_WARN_UNINITIALIZED_AUTOS = YES_AGGRESSIVE;
				GCC_WARN_UNUSED_FUNCTION = YES;
				GCC_WARN_UNUSED_VARIABLE = YES;
				IPHONEOS_DEPLOYMENT_TARGET = 9.3;
				MTL_ENABLE_DEBUG_INFO = YES;
				ONLY_ACTIVE_ARCH = YES;
				SDKROOT = iphoneos;
			};
			name = Debug;
		};
		E9C6E9D01D93703D00FD969F /* Release */ = {
			isa = XCBuildConfiguration;
			buildSettings = {
				ALWAYS_SEARCH_USER_PATHS = NO;
				CLANG_ANALYZER_NONNULL = YES;
				CLANG_CXX_LANGUAGE_STANDARD = "gnu++0x";
				CLANG_CXX_LIBRARY = "libc++";
				CLANG_ENABLE_MODULES = YES;
				CLANG_ENABLE_OBJC_ARC = YES;
				CLANG_WARN_BOOL_CONVERSION = YES;
				CLANG_WARN_CONSTANT_CONVERSION = YES;
				CLANG_WARN_DIRECT_OBJC_ISA_USAGE = YES_ERROR;
				CLANG_WARN_EMPTY_BODY = YES;
				CLANG_WARN_ENUM_CONVERSION = YES;
				CLANG_WARN_INT_CONVERSION = YES;
				CLANG_WARN_OBJC_ROOT_CLASS = YES_ERROR;
				CLANG_WARN_UNREACHABLE_CODE = YES;
				CLANG_WARN__DUPLICATE_METHOD_MATCH = YES;
				"CODE_SIGN_IDENTITY[sdk=iphoneos*]" = "iPhone Developer";
				COPY_PHASE_STRIP = NO;
				DEBUG_INFORMATION_FORMAT = "dwarf-with-dsym";
				ENABLE_NS_ASSERTIONS = NO;
				ENABLE_STRICT_OBJC_MSGSEND = YES;
				GCC_C_LANGUAGE_STANDARD = gnu99;
				GCC_NO_COMMON_BLOCKS = YES;
				GCC_WARN_64_TO_32_BIT_CONVERSION = YES;
				GCC_WARN_ABOUT_RETURN_TYPE = YES_ERROR;
				GCC_WARN_UNDECLARED_SELECTOR = YES;
				GCC_WARN_UNINITIALIZED_AUTOS = YES_AGGRESSIVE;
				GCC_WARN_UNUSED_FUNCTION = YES;
				GCC_WARN_UNUSED_VARIABLE = YES;
				IPHONEOS_DEPLOYMENT_TARGET = 9.3;
				MTL_ENABLE_DEBUG_INFO = NO;
				SDKROOT = iphoneos;
				VALIDATE_PRODUCT = YES;
			};
			name = Release;
		};
		E9C6E9D21D93703D00FD969F /* Debug */ = {
			isa = XCBuildConfiguration;
			buildSettings = {
				ASSETCATALOG_COMPILER_APPICON_NAME = AppIcon;
				INFOPLIST_FILE = "小demo/Info.plist";
				LD_RUNPATH_SEARCH_PATHS = "$(inherited) @executable_path/Frameworks";
				PRODUCT_BUNDLE_IDENTIFIER = "com.wxhl.-demo";
				PRODUCT_NAME = "$(TARGET_NAME)";
			};
			name = Debug;
		};
		E9C6E9D31D93703D00FD969F /* Release */ = {
			isa = XCBuildConfiguration;
			buildSettings = {
				ASSETCATALOG_COMPILER_APPICON_NAME = AppIcon;
				INFOPLIST_FILE = "小demo/Info.plist";
				LD_RUNPATH_SEARCH_PATHS = "$(inherited) @executable_path/Frameworks";
				PRODUCT_BUNDLE_IDENTIFIER = "com.wxhl.-demo";
				PRODUCT_NAME = "$(TARGET_NAME)";
			};
			name = Release;
		};
		E9C6E9D51D93703D00FD969F /* Debug */ = {
			isa = XCBuildConfiguration;
			buildSettings = {
				BUNDLE_LOADER = "$(TEST_HOST)";
				INFOPLIST_FILE = "小demoTests/Info.plist";
				LD_RUNPATH_SEARCH_PATHS = "$(inherited) @executable_path/Frameworks @loader_path/Frameworks";
				PRODUCT_BUNDLE_IDENTIFIER = "com.wxhl.-demoTests";
				PRODUCT_NAME = "$(TARGET_NAME)";
				TEST_HOST = "$(BUILT_PRODUCTS_DIR)/小demo.app/小demo";
			};
			name = Debug;
		};
		E9C6E9D61D93703D00FD969F /* Release */ = {
			isa = XCBuildConfiguration;
			buildSettings = {
				BUNDLE_LOADER = "$(TEST_HOST)";
				INFOPLIST_FILE = "小demoTests/Info.plist";
				LD_RUNPATH_SEARCH_PATHS = "$(inherited) @executable_path/Frameworks @loader_path/Frameworks";
				PRODUCT_BUNDLE_IDENTIFIER = "com.wxhl.-demoTests";
				PRODUCT_NAME = "$(TARGET_NAME)";
				TEST_HOST = "$(BUILT_PRODUCTS_DIR)/小demo.app/小demo";
			};
			name = Release;
		};
		E9C6E9D81D93703D00FD969F /* Debug */ = {
			isa = XCBuildConfiguration;
			buildSettings = {
				INFOPLIST_FILE = "小demoUITests/Info.plist";
				LD_RUNPATH_SEARCH_PATHS = "$(inherited) @executable_path/Frameworks @loader_path/Frameworks";
				PRODUCT_BUNDLE_IDENTIFIER = "com.wxhl.-demoUITests";
				PRODUCT_NAME = "$(TARGET_NAME)";
				TEST_TARGET_NAME = "小demo";
			};
			name = Debug;
		};
		E9C6E9D91D93703D00FD969F /* Release */ = {
			isa = XCBuildConfiguration;
			buildSettings = {
				INFOPLIST_FILE = "小demoUITests/Info.plist";
				LD_RUNPATH_SEARCH_PATHS = "$(inherited) @executable_path/Frameworks @loader_path/Frameworks";
				PRODUCT_BUNDLE_IDENTIFIER = "com.wxhl.-demoUITests";
				PRODUCT_NAME = "$(TARGET_NAME)";
				TEST_TARGET_NAME = "小demo";
			};
			name = Release;
		};
/* End XCBuildConfiguration section */

/* Begin XCConfigurationList section */
		E9C6E99F1D93703C00FD969F /* Build configuration list for PBXProject "小demo" */ = {
			isa = XCConfigurationList;
			buildConfigurations = (
				E9C6E9CF1D93703D00FD969F /* Debug */,
				E9C6E9D01D93703D00FD969F /* Release */,
			);
			defaultConfigurationIsVisible = 0;
			defaultConfigurationName = Release;
		};
		E9C6E9D11D93703D00FD969F /* Build configuration list for PBXNativeTarget "小demo" */ = {
			isa = XCConfigurationList;
			buildConfigurations = (
				E9C6E9D21D93703D00FD969F /* Debug */,
				E9C6E9D31D93703D00FD969F /* Release */,
			);
			defaultConfigurationIsVisible = 0;
			defaultConfigurationName = Release;
		};
		E9C6E9D41D93703D00FD969F /* Build configuration list for PBXNativeTarget "小demoTests" */ = {
			isa = XCConfigurationList;
			buildConfigurations = (
				E9C6E9D51D93703D00FD969F /* Debug */,
				E9C6E9D61D93703D00FD969F /* Release */,
			);
			defaultConfigurationIsVisible = 0;
			defaultConfigurationName = Release;
		};
		E9C6E9D71D93703D00FD969F /* Build configuration list for PBXNativeTarget "小demoUITests" */ = {
			isa = XCConfigurationList;
			buildConfigurations = (
				E9C6E9D81D93703D00FD969F /* Debug */,
				E9C6E9D91D93703D00FD969F /* Release */,
			);
			defaultConfigurationIsVisible = 0;
			defaultConfigurationName = Release;
		};
/* End XCConfigurationList section */
	};
	rootObject = E9C6E99C1D93703C00FD969F /* Project object */;
}
